// !$*UTF8*$!
{
	archiveVersion = 1;
	classes = {
	};
	objectVersion = 46;
	objects = {

/* Begin PBXBuildFile section */
		157A47FD159BEC50005F6DEF /* UIKit.framework in Frameworks */ = {isa = PBXBuildFile; fileRef = 157A47FC159BEC50005F6DEF /* UIKit.framework */; };
		157A47FF159BEC50005F6DEF /* Foundation.framework in Frameworks */ = {isa = PBXBuildFile; fileRef = 157A47FE159BEC50005F6DEF /* Foundation.framework */; };
		157A4801159BEC50005F6DEF /* CoreGraphics.framework in Frameworks */ = {isa = PBXBuildFile; fileRef = 157A4800159BEC50005F6DEF /* CoreGraphics.framework */; };
		157A4807159BEC50005F6DEF /* InfoPlist.strings in Resources */ = {isa = PBXBuildFile; fileRef = 157A4805159BEC50005F6DEF /* InfoPlist.strings */; };
		157A4809159BEC50005F6DEF /* main.m in Sources */ = {isa = PBXBuildFile; fileRef = 157A4808159BEC50005F6DEF /* main.m */; };
		157A480D159BEC50005F6DEF /* AppDelegate.m in Sources */ = {isa = PBXBuildFile; fileRef = 157A480C159BEC50005F6DEF /* AppDelegate.m */; };
		157A4810159BEC50005F6DEF /* ViewController.m in Sources */ = {isa = PBXBuildFile; fileRef = 157A480F159BEC50005F6DEF /* ViewController.m */; };
		157A4813159BEC50005F6DEF /* ViewController.xib in Resources */ = {isa = PBXBuildFile; fileRef = 157A4811159BEC50005F6DEF /* ViewController.xib */; };
		157A4823159BEF62005F6DEF /* Icon.png in Resources */ = {isa = PBXBuildFile; fileRef = 157A4822159BEF62005F6DEF /* Icon.png */; };
		157A4825159BEF6B005F6DEF /* Icon@2x.png in Resources */ = {isa = PBXBuildFile; fileRef = 157A4824159BEF6B005F6DEF /* Icon@2x.png */; };
		157A4828159BF00B005F6DEF /* default.png in Resources */ = {isa = PBXBuildFile; fileRef = 157A4826159BF00B005F6DEF /* default.png */; };
		157A4829159BF00B005F6DEF /* default@2x.png in Resources */ = {isa = PBXBuildFile; fileRef = 157A4827159BF00B005F6DEF /* default@2x.png */; };
		157A482B159BF3C8005F6DEF /* tabBar.png in Resources */ = {isa = PBXBuildFile; fileRef = 157A482A159BF3C8005F6DEF /* tabBar.png */; };
/* End PBXBuildFile section */

/* Begin PBXFileReference section */
		157A47F8159BEC50005F6DEF /* Project1.app */ = {isa = PBXFileReference; explicitFileType = wrapper.application; includeInIndex = 0; path = Project1.app; sourceTree = BUILT_PRODUCTS_DIR; };
		157A47FC159BEC50005F6DEF /* UIKit.framework */ = {isa = PBXFileReference; lastKnownFileType = wrapper.framework; name = UIKit.framework; path = System/Library/Frameworks/UIKit.framework; sourceTree = SDKROOT; };
		157A47FE159BEC50005F6DEF /* Foundation.framework */ = {isa = PBXFileReference; lastKnownFileType = wrapper.framework; name = Foundation.framework; path = System/Library/Frameworks/Foundation.framework; sourceTree = SDKROOT; };
		157A4800159BEC50005F6DEF /* CoreGraphics.framework */ = {isa = PBXFileReference; lastKnownFileType = wrapper.framework; name = CoreGraphics.framework; path = System/Library/Frameworks/CoreGraphics.framework; sourceTree = SDKROOT; };
		157A4804159BEC50005F6DEF /* Project1-Info.plist */ = {isa = PBXFileReference; lastKnownFileType = text.plist.xml; path = "Project1-Info.plist"; sourceTree = "<group>"; };
		157A4806159BEC50005F6DEF /* en */ = {isa = PBXFileReference; lastKnownFileType = text.plist.strings; name = en; path = en.lproj/InfoPlist.strings; sourceTree = "<group>"; };
		157A4808159BEC50005F6DEF /* main.m */ = {isa = PBXFileReference; lastKnownFileType = sourcecode.c.objc; path = main.m; sourceTree = "<group>"; };
		157A480A159BEC50005F6DEF /* Project1-Prefix.pch */ = {isa = PBXFileReference; lastKnownFileType = sourcecode.c.h; path = "Project1-Prefix.pch"; sourceTree = "<group>"; };
		157A480B159BEC50005F6DEF /* AppDelegate.h */ = {isa = PBXFileReference; lastKnownFileType = sourcecode.c.h; path = AppDelegate.h; sourceTree = "<group>"; };
		157A480C159BEC50005F6DEF /* AppDelegate.m */ = {isa = PBXFileReference; lastKnownFileType = sourcecode.c.objc; path = AppDelegate.m; sourceTree = "<group>"; };
		157A480E159BEC50005F6DEF /* ViewController.h */ = {isa = PBXFileReference; lastKnownFileType = sourcecode.c.h; path = ViewController.h; sourceTree = "<group>"; };
		157A480F159BEC50005F6DEF /* ViewController.m */ = {isa = PBXFileReference; lastKnownFileType = sourcecode.c.objc; path = ViewController.m; sourceTree = "<group>"; };
		157A4812159BEC50005F6DEF /* en */ = {isa = PBXFileReference; lastKnownFileType = file.xib; name = en; path = en.lproj/ViewController.xib; sourceTree = "<group>"; };
		157A4822159BEF62005F6DEF /* Icon.png */ = {isa = PBXFileReference; lastKnownFileType = image.png; name = Icon.png; path = "../../../../../../../Dropbox/icon/App Icon [Rounded]/Icon.png"; sourceTree = "<group>"; };
		157A4824159BEF6B005F6DEF /* Icon@2x.png */ = {isa = PBXFileReference; lastKnownFileType = image.png; name = "Icon@2x.png"; path = "../../../../../../../Dropbox/icon/App Icon [Rounded]/Icon@2x.png"; sourceTree = "<group>"; };
		157A4826159BF00B005F6DEF /* default.png */ = {isa = PBXFileReference; lastKnownFileType = image.png; name = default.png; path = "../../../../../../../Dropbox/icon/App Icon [Rounded]/default.png"; sourceTree = "<group>"; };
		157A4827159BF00B005F6DEF /* default@2x.png */ = {isa = PBXFileReference; lastKnownFileType = image.png; name = "default@2x.png"; path = "../../../../../../../Dropbox/icon/App Icon [Rounded]/default@2x.png"; sourceTree = "<group>"; };
		157A482A159BF3C8005F6DEF /* tabBar.png */ = {isa = PBXFileReference; lastKnownFileType = image.png; name = tabBar.png; path = "../../../../../../../Dropbox/icon/App Icon [Rounded]/tabBar.png"; sourceTree = "<group>"; };
/* End PBXFileReference section */

/* Begin PBXFrameworksBuildPhase section */
		157A47F5159BEC50005F6DEF /* Frameworks */ = {
			isa = PBXFrameworksBuildPhase;
			buildActionMask = 2147483647;
			files = (
				157A47FD159BEC50005F6DEF /* UIKit.framework in Frameworks */,
				157A47FF159BEC50005F6DEF /* Foundation.framework in Frameworks */,
				157A4801159BEC50005F6DEF /* CoreGraphics.framework in Frameworks */,
			);
			runOnlyForDeploymentPostprocessing = 0;
		};
/* End PBXFrameworksBuildPhase section */

/* Begin PBXGroup section */
		157A47ED159BEC50005F6DEF = {
			isa = PBXGroup;
			children = (
				157A4819159BEE40005F6DEF /* Resources */,
				157A4802159BEC50005F6DEF /* Project1 */,
				157A47FB159BEC50005F6DEF /* Frameworks */,
				157A47F9159BEC50005F6DEF /* Products */,
			);
			sourceTree = "<group>";
		};
		157A47F9159BEC50005F6DEF /* Products */ = {
			isa = PBXGroup;
			children = (
				157A47F8159BEC50005F6DEF /* Project1.app */,
			);
			name = Products;
			sourceTree = "<group>";
		};
		157A47FB159BEC50005F6DEF /* Frameworks */ = {
			isa = PBXGroup;
			children = (
				157A47FC159BEC50005F6DEF /* UIKit.framework */,
				157A47FE159BEC50005F6DEF /* Foundation.framework */,
				157A4800159BEC50005F6DEF /* CoreGraphics.framework */,
			);
			name = Frameworks;
			sourceTree = "<group>";
		};
		157A4802159BEC50005F6DEF /* Project1 */ = {
			isa = PBXGroup;
			children = (
				157A480B159BEC50005F6DEF /* AppDelegate.h */,
				157A480C159BEC50005F6DEF /* AppDelegate.m */,
				157A480E159BEC50005F6DEF /* ViewController.h */,
				157A480F159BEC50005F6DEF /* ViewController.m */,
				157A4811159BEC50005F6DEF /* ViewController.xib */,
				157A4803159BEC50005F6DEF /* Supporting Files */,
			);
			path = Project1;
			sourceTree = "<group>";
		};
		157A4803159BEC50005F6DEF /* Supporting Files */ = {
			isa = PBXGroup;
			children = (
				157A4804159BEC50005F6DEF /* Project1-Info.plist */,
				157A4805159BEC50005F6DEF /* InfoPlist.strings */,
				157A4808159BEC50005F6DEF /* main.m */,
				157A480A159BEC50005F6DEF /* Project1-Prefix.pch */,
			);
			name = "Supporting Files";
			sourceTree = "<group>";
		};
		157A4819159BEE40005F6DEF /* Resources */ = {
			isa = PBXGroup;
			children = (
				157A482A159BF3C8005F6DEF /* tabBar.png */,
				157A4826159BF00B005F6DEF /* default.png */,
				157A4827159BF00B005F6DEF /* default@2x.png */,
				157A4824159BEF6B005F6DEF /* Icon@2x.png */,
				157A4822159BEF62005F6DEF /* Icon.png */,
			);
			name = Resources;
			path = Project1;
			sourceTree = "<group>";
		};
/* End PBXGroup section */

/* Begin PBXNativeTarget section */
		157A47F7159BEC50005F6DEF /* Project1 */ = {
			isa = PBXNativeTarget;
			buildConfigurationList = 157A4816159BEC50005F6DEF /* Build configuration list for PBXNativeTarget "Project1" */;
			buildPhases = (
				157A47F4159BEC50005F6DEF /* Sources */,
				157A47F5159BEC50005F6DEF /* Frameworks */,
				157A47F6159BEC50005F6DEF /* Resources */,
			);
			buildRules = (
			);
			dependencies = (
			);
			name = Project1;
			productName = Project1;
			productReference = 157A47F8159BEC50005F6DEF /* Project1.app */;
			productType = "com.apple.product-type.application";
		};
/* End PBXNativeTarget section */

/* Begin PBXProject section */
		157A47EF159BEC50005F6DEF /* Project object */ = {
			isa = PBXProject;
			attributes = {
				LastUpgradeCheck = 0430;
			};
			buildConfigurationList = 157A47F2159BEC50005F6DEF /* Build configuration list for PBXProject "Project1" */;
			compatibilityVersion = "Xcode 3.2";
			developmentRegion = English;
			hasScannedForEncodings = 0;
			knownRegions = (
				en,
			);
			mainGroup = 157A47ED159BEC50005F6DEF;
			productRefGroup = 157A47F9159BEC50005F6DEF /* Products */;
			projectDirPath = "";
			projectRoot = "";
			targets = (
				157A47F7159BEC50005F6DEF /* Project1 */,
			);
		};
/* End PBXProject section */

/* Begin PBXResourcesBuildPhase section */
		157A47F6159BEC50005F6DEF /* Resources */ = {
			isa = PBXResourcesBuildPhase;
			buildActionMask = 2147483647;
			files = (
				157A4807159BEC50005F6DEF /* InfoPlist.strings in Resources */,
				157A4813159BEC50005F6DEF /* ViewController.xib in Resources */,
				157A4823159BEF62005F6DEF /* Icon.png in Resources */,
				157A4825159BEF6B005F6DEF /* Icon@2x.png in Resources */,
				157A4828159BF00B005F6DEF /* default.png in Resources */,
				157A4829159BF00B005F6DEF /* default@2x.png in Resources */,
				157A482B159BF3C8005F6DEF /* tabBar.png in Resources */,
			);
			runOnlyForDeploymentPostprocessing = 0;
		};
/* End PBXResourcesBuildPhase section */

/* Begin PBXSourcesBuildPhase section */
		157A47F4159BEC50005F6DEF /* Sources */ = {
			isa = PBXSourcesBuildPhase;
			buildActionMask = 2147483647;
			files = (
				157A4809159BEC50005F6DEF /* main.m in Sources */,
				157A480D159BEC50005F6DEF /* AppDelegate.m in Sources */,
				157A4810159BEC50005F6DEF /* ViewController.m in Sources */,
			);
			runOnlyForDeploymentPostprocessing = 0;
		};
/* End PBXSourcesBuildPhase section */

/* Begin PBXVariantGroup section */
		157A4805159BEC50005F6DEF /* InfoPlist.strings */ = {
			isa = PBXVariantGroup;
			children = (
				157A4806159BEC50005F6DEF /* en */,
			);
			name = InfoPlist.strings;
			sourceTree = "<group>";
		};
		157A4811159BEC50005F6DEF /* ViewController.xib */ = {
			isa = PBXVariantGroup;
			children = (
				157A4812159BEC50005F6DEF /* en */,
			);
			name = ViewController.xib;
			sourceTree = "<group>";
		};
/* End PBXVariantGroup section */

/* Begin XCBuildConfiguration section */
		157A4814159BEC50005F6DEF /* Debug */ = {
			isa = XCBuildConfiguration;
			buildSettings = {
				ALWAYS_SEARCH_USER_PATHS = NO;
				ARCHS = "$(ARCHS_STANDARD_32_BIT)";
				CLANG_ENABLE_OBJC_ARC = YES;
				"CODE_SIGN_IDENTITY[sdk=iphoneos*]" = "iPhone Developer";
				COPY_PHASE_STRIP = NO;
				GCC_C_LANGUAGE_STANDARD = gnu99;
				GCC_DYNAMIC_NO_PIC = NO;
				GCC_OPTIMIZATION_LEVEL = 0;
				GCC_PREPROCESSOR_DEFINITIONS = (
					"DEBUG=1",
					"$(inherited)",
				);
				GCC_SYMBOLS_PRIVATE_EXTERN = NO;
				GCC_VERSION = com.apple.compilers.llvm.clang.1_0;
				GCC_WARN_ABOUT_RETURN_TYPE = YES;
				GCC_WARN_UNINITIALIZED_AUTOS = YES;
				GCC_WARN_UNUSED_VARIABLE = YES;
				IPHONEOS_DEPLOYMENT_TARGET = 5.1;
				SDKROOT = iphoneos;
			};
			name = Debug;
		};
		157A4815159BEC50005F6DEF /* Release */ = {
			isa = XCBuildConfiguration;
			buildSettings = {
				ALWAYS_SEARCH_USER_PATHS = NO;
				ARCHS = "$(ARCHS_STANDARD_32_BIT)";
				CLANG_ENABLE_OBJC_ARC = YES;
				"CODE_SIGN_IDENTITY[sdk=iphoneos*]" = "iPhone Developer";
				COPY_PHASE_STRIP = YES;
				GCC_C_LANGUAGE_STANDARD = gnu99;
				GCC_VERSION = com.apple.compilers.llvm.clang.1_0;
				GCC_WARN_ABOUT_RETURN_TYPE = YES;
				GCC_WARN_UNINITIALIZED_AUTOS = YES;
				GCC_WARN_UNUSED_VARIABLE = YES;
				IPHONEOS_DEPLOYMENT_TARGET = 5.1;
				OTHER_CFLAGS = "-DNS_BLOCK_ASSERTIONS=1";
				SDKROOT = iphoneos;
				VALIDATE_PRODUCT = YES;
			};
			name = Release;
		};
		157A4817159BEC50005F6DEF /* Debug */ = {
			isa = XCBuildConfiguration;
			buildSettings = {
				GCC_PRECOMPILE_PREFIX_HEADER = YES;
				GCC_PREFIX_HEADER = "Project1/Project1-Prefix.pch";
				INFOPLIST_FILE = "Project1/Project1-Info.plist";
				PRODUCT_NAME = "$(TARGET_NAME)";
				WRAPPER_EXTENSION = app;
			};
			name = Debug;
		};
		157A4818159BEC50005F6DEF /* Release */ = {
			isa = XCBuildConfiguration;
			buildSettings = {
				GCC_PRECOMPILE_PREFIX_HEADER = YES;
				GCC_PREFIX_HEADER = "Project1/Project1-Prefix.pch";
				INFOPLIST_FILE = "Project1/Project1-Info.plist";
				PRODUCT_NAME = "$(TARGET_NAME)";
				WRAPPER_EXTENSION = app;
			};
			name = Release;
		};
/* End XCBuildConfiguration section */

/* Begin XCConfigurationList section */
		157A47F2159BEC50005F6DEF /* Build configuration list for PBXProject "Project1" */ = {
			isa = XCConfigurationList;
			buildConfigurations = (
				157A4814159BEC50005F6DEF /* Debug */,
				157A4815159BEC50005F6DEF /* Release */,
			);
			defaultConfigurationIsVisible = 0;
			defaultConfigurationName = Release;
		};
		157A4816159BEC50005F6DEF /* Build configuration list for PBXNativeTarget "Project1" */ = {
			isa = XCConfigurationList;
			buildConfigurations = (
				157A4817159BEC50005F6DEF /* Debug */,
				157A4818159BEC50005F6DEF /* Release */,
			);
			defaultConfigurationIsVisible = 0;
		};
/* End XCConfigurationList section */
	};
	rootObject = 157A47EF159BEC50005F6DEF /* Project object */;
}
