// !$*UTF8*$!
{
	archiveVersion = 1;
	classes = {
	};
	objectVersion = 46;
	objects = {

/* Begin PBXBuildFile section */
		158E54F4159BEA0600C3BD05 /* UIKit.framework in Frameworks */ = {isa = PBXBuildFile; fileRef = 158E54F3159BEA0600C3BD05 /* UIKit.framework */; };
		158E54F6159BEA0600C3BD05 /* Foundation.framework in Frameworks */ = {isa = PBXBuildFile; fileRef = 158E54F5159BEA0600C3BD05 /* Foundation.framework */; };
		158E54F8159BEA0600C3BD05 /* CoreGraphics.framework in Frameworks */ = {isa = PBXBuildFile; fileRef = 158E54F7159BEA0600C3BD05 /* CoreGraphics.framework */; };
		158E54FE159BEA0600C3BD05 /* InfoPlist.strings in Resources */ = {isa = PBXBuildFile; fileRef = 158E54FC159BEA0600C3BD05 /* InfoPlist.strings */; };
		158E5500159BEA0600C3BD05 /* main.m in Sources */ = {isa = PBXBuildFile; fileRef = 158E54FF159BEA0600C3BD05 /* main.m */; };
		158E5504159BEA0600C3BD05 /* AppDelegate.m in Sources */ = {isa = PBXBuildFile; fileRef = 158E5503159BEA0600C3BD05 /* AppDelegate.m */; };
		158E5507159BEA0600C3BD05 /* ViewController.m in Sources */ = {isa = PBXBuildFile; fileRef = 158E5506159BEA0600C3BD05 /* ViewController.m */; };
		158E550A159BEA0600C3BD05 /* ViewController.xib in Resources */ = {isa = PBXBuildFile; fileRef = 158E5508159BEA0600C3BD05 /* ViewController.xib */; };
/* End PBXBuildFile section */

/* Begin PBXFileReference section */
		158E54EF159BEA0600C3BD05 /* TableViewProject.app */ = {isa = PBXFileReference; explicitFileType = wrapper.application; includeInIndex = 0; path = TableViewProject.app; sourceTree = BUILT_PRODUCTS_DIR; };
		158E54F3159BEA0600C3BD05 /* UIKit.framework */ = {isa = PBXFileReference; lastKnownFileType = wrapper.framework; name = UIKit.framework; path = System/Library/Frameworks/UIKit.framework; sourceTree = SDKROOT; };
		158E54F5159BEA0600C3BD05 /* Foundation.framework */ = {isa = PBXFileReference; lastKnownFileType = wrapper.framework; name = Foundation.framework; path = System/Library/Frameworks/Foundation.framework; sourceTree = SDKROOT; };
		158E54F7159BEA0600C3BD05 /* CoreGraphics.framework */ = {isa = PBXFileReference; lastKnownFileType = wrapper.framework; name = CoreGraphics.framework; path = System/Library/Frameworks/CoreGraphics.framework; sourceTree = SDKROOT; };
		158E54FB159BEA0600C3BD05 /* TableViewProject-Info.plist */ = {isa = PBXFileReference; lastKnownFileType = text.plist.xml; path = "TableViewProject-Info.plist"; sourceTree = "<group>"; };
		158E54FD159BEA0600C3BD05 /* en */ = {isa = PBXFileReference; lastKnownFileType = text.plist.strings; name = en; path = en.lproj/InfoPlist.strings; sourceTree = "<group>"; };
		158E54FF159BEA0600C3BD05 /* main.m */ = {isa = PBXFileReference; lastKnownFileType = sourcecode.c.objc; path = main.m; sourceTree = "<group>"; };
		158E5501159BEA0600C3BD05 /* TableViewProject-Prefix.pch */ = {isa = PBXFileReference; lastKnownFileType = sourcecode.c.h; path = "TableViewProject-Prefix.pch"; sourceTree = "<group>"; };
		158E5502159BEA0600C3BD05 /* AppDelegate.h */ = {isa = PBXFileReference; lastKnownFileType = sourcecode.c.h; path = AppDelegate.h; sourceTree = "<group>"; };
		158E5503159BEA0600C3BD05 /* AppDelegate.m */ = {isa = PBXFileReference; lastKnownFileType = sourcecode.c.objc; path = AppDelegate.m; sourceTree = "<group>"; };
		158E5505159BEA0600C3BD05 /* ViewController.h */ = {isa = PBXFileReference; lastKnownFileType = sourcecode.c.h; path = ViewController.h; sourceTree = "<group>"; };
		158E5506159BEA0600C3BD05 /* ViewController.m */ = {isa = PBXFileReference; lastKnownFileType = sourcecode.c.objc; path = ViewController.m; sourceTree = "<group>"; };
		158E5509159BEA0600C3BD05 /* en */ = {isa = PBXFileReference; lastKnownFileType = file.xib; name = en; path = en.lproj/ViewController.xib; sourceTree = "<group>"; };
/* End PBXFileReference section */

/* Begin PBXFrameworksBuildPhase section */
		158E54EC159BEA0600C3BD05 /* Frameworks */ = {
			isa = PBXFrameworksBuildPhase;
			buildActionMask = 2147483647;
			files = (
				158E54F4159BEA0600C3BD05 /* UIKit.framework in Frameworks */,
				158E54F6159BEA0600C3BD05 /* Foundation.framework in Frameworks */,
				158E54F8159BEA0600C3BD05 /* CoreGraphics.framework in Frameworks */,
			);
			runOnlyForDeploymentPostprocessing = 0;
		};
/* End PBXFrameworksBuildPhase section */

/* Begin PBXGroup section */
		158E54E4159BEA0600C3BD05 = {
			isa = PBXGroup;
			children = (
				158E54F9159BEA0600C3BD05 /* TableViewProject */,
				158E54F2159BEA0600C3BD05 /* Frameworks */,
				158E54F0159BEA0600C3BD05 /* Products */,
			);
			sourceTree = "<group>";
		};
		158E54F0159BEA0600C3BD05 /* Products */ = {
			isa = PBXGroup;
			children = (
				158E54EF159BEA0600C3BD05 /* TableViewProject.app */,
			);
			name = Products;
			sourceTree = "<group>";
		};
		158E54F2159BEA0600C3BD05 /* Frameworks */ = {
			isa = PBXGroup;
			children = (
				158E54F3159BEA0600C3BD05 /* UIKit.framework */,
				158E54F5159BEA0600C3BD05 /* Foundation.framework */,
				158E54F7159BEA0600C3BD05 /* CoreGraphics.framework */,
			);
			name = Frameworks;
			sourceTree = "<group>";
		};
		158E54F9159BEA0600C3BD05 /* TableViewProject */ = {
			isa = PBXGroup;
			children = (
				158E5502159BEA0600C3BD05 /* AppDelegate.h */,
				158E5503159BEA0600C3BD05 /* AppDelegate.m */,
				158E5505159BEA0600C3BD05 /* ViewController.h */,
				158E5506159BEA0600C3BD05 /* ViewController.m */,
				158E5508159BEA0600C3BD05 /* ViewController.xib */,
				158E54FA159BEA0600C3BD05 /* Supporting Files */,
			);
			path = TableViewProject;
			sourceTree = "<group>";
		};
		158E54FA159BEA0600C3BD05 /* Supporting Files */ = {
			isa = PBXGroup;
			children = (
				158E54FB159BEA0600C3BD05 /* TableViewProject-Info.plist */,
				158E54FC159BEA0600C3BD05 /* InfoPlist.strings */,
				158E54FF159BEA0600C3BD05 /* main.m */,
				158E5501159BEA0600C3BD05 /* TableViewProject-Prefix.pch */,
			);
			name = "Supporting Files";
			sourceTree = "<group>";
		};
/* End PBXGroup section */

/* Begin PBXNativeTarget section */
		158E54EE159BEA0600C3BD05 /* TableViewProject */ = {
			isa = PBXNativeTarget;
			buildConfigurationList = 158E550D159BEA0600C3BD05 /* Build configuration list for PBXNativeTarget "TableViewProject" */;
			buildPhases = (
				158E54EB159BEA0600C3BD05 /* Sources */,
				158E54EC159BEA0600C3BD05 /* Frameworks */,
				158E54ED159BEA0600C3BD05 /* Resources */,
			);
			buildRules = (
			);
			dependencies = (
			);
			name = TableViewProject;
			productName = TableViewProject;
			productReference = 158E54EF159BEA0600C3BD05 /* TableViewProject.app */;
			productType = "com.apple.product-type.application";
		};
/* End PBXNativeTarget section */

/* Begin PBXProject section */
		158E54E6159BEA0600C3BD05 /* Project object */ = {
			isa = PBXProject;
			attributes = {
				LastUpgradeCheck = 0430;
			};
			buildConfigurationList = 158E54E9159BEA0600C3BD05 /* Build configuration list for PBXProject "TableViewProject" */;
			compatibilityVersion = "Xcode 3.2";
			developmentRegion = English;
			hasScannedForEncodings = 0;
			knownRegions = (
				en,
			);
			mainGroup = 158E54E4159BEA0600C3BD05;
			productRefGroup = 158E54F0159BEA0600C3BD05 /* Products */;
			projectDirPath = "";
			projectRoot = "";
			targets = (
				158E54EE159BEA0600C3BD05 /* TableViewProject */,
			);
		};
/* End PBXProject section */

/* Begin PBXResourcesBuildPhase section */
		158E54ED159BEA0600C3BD05 /* Resources */ = {
			isa = PBXResourcesBuildPhase;
			buildActionMask = 2147483647;
			files = (
				158E54FE159BEA0600C3BD05 /* InfoPlist.strings in Resources */,
				158E550A159BEA0600C3BD05 /* ViewController.xib in Resources */,
			);
			runOnlyForDeploymentPostprocessing = 0;
		};
/* End PBXResourcesBuildPhase section */

/* Begin PBXSourcesBuildPhase section */
		158E54EB159BEA0600C3BD05 /* Sources */ = {
			isa = PBXSourcesBuildPhase;
			buildActionMask = 2147483647;
			files = (
				158E5500159BEA0600C3BD05 /* main.m in Sources */,
				158E5504159BEA0600C3BD05 /* AppDelegate.m in Sources */,
				158E5507159BEA0600C3BD05 /* ViewController.m in Sources */,
			);
			runOnlyForDeploymentPostprocessing = 0;
		};
/* End PBXSourcesBuildPhase section */

/* Begin PBXVariantGroup section */
		158E54FC159BEA0600C3BD05 /* InfoPlist.strings */ = {
			isa = PBXVariantGroup;
			children = (
				158E54FD159BEA0600C3BD05 /* en */,
			);
			name = InfoPlist.strings;
			sourceTree = "<group>";
		};
		158E5508159BEA0600C3BD05 /* ViewController.xib */ = {
			isa = PBXVariantGroup;
			children = (
				158E5509159BEA0600C3BD05 /* en */,
			);
			name = ViewController.xib;
			sourceTree = "<group>";
		};
/* End PBXVariantGroup section */

/* Begin XCBuildConfiguration section */
		158E550B159BEA0600C3BD05 /* Debug */ = {
			isa = XCBuildConfiguration;
			buildSettings = {
				ALWAYS_SEARCH_USER_PATHS = NO;
				ARCHS = "$(ARCHS_STANDARD_32_BIT)";
				CLANG_ENABLE_OBJC_ARC = YES;
				"CODE_SIGN_IDENTITY[sdk=iphoneos*]" = "iPhone Developer";
				COPY_PHASE_STRIP = NO;
				GCC_C_LANGUAGE_STANDARD = gnu99;
				GCC_DYNAMIC_NO_PIC = NO;
				GCC_OPTIMIZATION_LEVEL = 0;
				GCC_PREPROCESSOR_DEFINITIONS = (
					"DEBUG=1",
					"$(inherited)",
				);
				GCC_SYMBOLS_PRIVATE_EXTERN = NO;
				GCC_VERSION = com.apple.compilers.llvm.clang.1_0;
				GCC_WARN_ABOUT_RETURN_TYPE = YES;
				GCC_WARN_UNINITIALIZED_AUTOS = YES;
				GCC_WARN_UNUSED_VARIABLE = YES;
				IPHONEOS_DEPLOYMENT_TARGET = 5.1;
				SDKROOT = iphoneos;
			};
			name = Debug;
		};
		158E550C159BEA0600C3BD05 /* Release */ = {
			isa = XCBuildConfiguration;
			buildSettings = {
				ALWAYS_SEARCH_USER_PATHS = NO;
				ARCHS = "$(ARCHS_STANDARD_32_BIT)";
				CLANG_ENABLE_OBJC_ARC = YES;
				"CODE_SIGN_IDENTITY[sdk=iphoneos*]" = "iPhone Developer";
				COPY_PHASE_STRIP = YES;
				GCC_C_LANGUAGE_STANDARD = gnu99;
				GCC_VERSION = com.apple.compilers.llvm.clang.1_0;
				GCC_WARN_ABOUT_RETURN_TYPE = YES;
				GCC_WARN_UNINITIALIZED_AUTOS = YES;
				GCC_WARN_UNUSED_VARIABLE = YES;
				IPHONEOS_DEPLOYMENT_TARGET = 5.1;
				OTHER_CFLAGS = "-DNS_BLOCK_ASSERTIONS=1";
				SDKROOT = iphoneos;
				VALIDATE_PRODUCT = YES;
			};
			name = Release;
		};
		158E550E159BEA0600C3BD05 /* Debug */ = {
			isa = XCBuildConfiguration;
			buildSettings = {
				GCC_PRECOMPILE_PREFIX_HEADER = YES;
				GCC_PREFIX_HEADER = "TableViewProject/TableViewProject-Prefix.pch";
				INFOPLIST_FILE = "TableViewProject/TableViewProject-Info.plist";
				PRODUCT_NAME = "$(TARGET_NAME)";
				WRAPPER_EXTENSION = app;
			};
			name = Debug;
		};
		158E550F159BEA0600C3BD05 /* Release */ = {
			isa = XCBuildConfiguration;
			buildSettings = {
				GCC_PRECOMPILE_PREFIX_HEADER = YES;
				GCC_PREFIX_HEADER = "TableViewProject/TableViewProject-Prefix.pch";
				INFOPLIST_FILE = "TableViewProject/TableViewProject-Info.plist";
				PRODUCT_NAME = "$(TARGET_NAME)";
				WRAPPER_EXTENSION = app;
			};
			name = Release;
		};
/* End XCBuildConfiguration section */

/* Begin XCConfigurationList section */
		158E54E9159BEA0600C3BD05 /* Build configuration list for PBXProject "TableViewProject" */ = {
			isa = XCConfigurationList;
			buildConfigurations = (
				158E550B159BEA0600C3BD05 /* Debug */,
				158E550C159BEA0600C3BD05 /* Release */,
			);
			defaultConfigurationIsVisible = 0;
			defaultConfigurationName = Release;
		};
		158E550D159BEA0600C3BD05 /* Build configuration list for PBXNativeTarget "TableViewProject" */ = {
			isa = XCConfigurationList;
			buildConfigurations = (
				158E550E159BEA0600C3BD05 /* Debug */,
				158E550F159BEA0600C3BD05 /* Release */,
			);
			defaultConfigurationIsVisible = 0;
		};
/* End XCConfigurationList section */
	};
	rootObject = 158E54E6159BEA0600C3BD05 /* Project object */;
}
